{
  "version": 4,
  "terraform_version": "1.0.2",
  "serial": 3,
  "lineage": "e61395cc-d407-6027-9223-6d3754ad338f",
  "outputs": {
    "result": {
      "value": "string1",
      "type": "string"
    },
    "result2": {
      "value": "1",
      "type": "string"
    },
    "result3": {
      "value": "True",
      "type": "string"
    }
  },
  "resources": [
    {
      "mode": "managed",
      "type": "docker_image",
      "name": "ubuntu",
      "provider": "provider[\"registry.terraform.io/kreuzwerker/docker\"]",
      "instances": [
        {
          "schema_version": 0,
          "attributes": {
            "build": [],
            "force_remove": null,
            "id": "sha256:9873176a8ff5ac192ce4d7df8a403787558b9f3981a4c4d74afb3edceeda451cubuntu:latest",
            "keep_locally": null,
            "latest": "sha256:9873176a8ff5ac192ce4d7df8a403787558b9f3981a4c4d74afb3edceeda451c",
            "name": "ubuntu:latest",
            "output": null,
            "pull_trigger": null,
            "pull_triggers": null,
            "repo_digest": "ubuntu@sha256:aba80b77e27148d99c034a987e7da3a287ed455390352663418c0f2ed40417fe"
          },
          "sensitive_attributes": [],
          "private": "bnVsbA=="
        }
      ]
    }
  ]
}
